# THIS IS AN AUTOGENERATED FILE. DO NOT EDIT THIS FILE DIRECTLY.
# yarn lockfile v1


align-text@^0.1.1, align-text@^0.1.3:
  version "0.1.4"
  resolved "https://registry.yarnpkg.com/align-text/-/align-text-0.1.4.tgz#0cd90a561093f35d0a99256c22b7069433fad117"
  dependencies:
    kind-of "^3.0.2"
    longest "^1.0.1"
    repeat-string "^1.5.2"

amdefine@>=0.0.4:
  version "1.0.1"
  resolved "https://registry.yarnpkg.com/amdefine/-/amdefine-1.0.1.tgz#4a5282ac164729e93619bcfd3ad151f817ce91f5"

arid@^0.14.0:
  version "0.14.0"
  resolved "https://registry.yarnpkg.com/arid/-/arid-0.14.0.tgz#e1102582bac874821863f6dbea56d03a9ca33a56"
  dependencies:
    babel-runtime "^6.23.0"
    doubt "^0.16.0"
    truly "^0.13.0"

arid@^0.4.0:
  version "0.4.0"
  resolved "https://registry.yarnpkg.com/arid/-/arid-0.4.0.tgz#86f5e97242d2bdd08c7266559911e084bef6111f"
  dependencies:
    babel-runtime "^6.20.0"
    doubt "^0.6.0"
    truly "^0.5.0"

arid@^0.7.0:
  version "0.7.0"
  resolved "https://registry.yarnpkg.com/arid/-/arid-0.7.0.tgz#490b59b657cebc5aa24d9b44c965751d28c4f480"
  dependencies:
    babel-runtime "^6.22.0"
    doubt "^0.10.0"
    truly "^0.9.0"

asea@^0.10.0:
  version "0.10.0"
  resolved "https://registry.yarnpkg.com/asea/-/asea-0.10.0.tgz#60a1b46e02708855ceac31418f8a017e2dc0e12b"
  dependencies:
    babel-runtime "^6.23.0"
    harden "^0.16.0"

asea@^0.6.0:
  version "0.6.0"
  resolved "https://registry.yarnpkg.com/asea/-/asea-0.6.0.tgz#b5b6153ee82e4e69eddb83ac8a29887381dad5e8"
  dependencies:
    babel-runtime "^6.20.0"
    harden "^0.12.0"

asea@^0.8.0:
  version "0.8.0"
  resolved "https://registry.yarnpkg.com/asea/-/asea-0.8.0.tgz#2fb62053c11bb34db371922df1036d0183b79fa9"
  dependencies:
    babel-runtime "^6.22.0"
    harden "^0.14.0"

async@^1.4.0:
  version "1.5.2"
  resolved "https://registry.yarnpkg.com/async/-/async-1.5.2.tgz#ec6a61ae56480c0c3cb241c95618e20892f9672a"

async@~0.2.6:
  version "0.2.10"
  resolved "https://registry.yarnpkg.com/async/-/async-0.2.10.tgz#b6bbe0b0674b9d719708ca38de8c237cb526c3d1"

ate@^0.10.0:
  version "0.10.0"
  resolved "https://registry.yarnpkg.com/ate/-/ate-0.10.0.tgz#659dac2aff035dbe3b25f4c131d16d6262dd64d8"
  dependencies:
    babel-runtime "^6.23.0"
    falzy "^0.13.0"
    protype "^0.17.0"
    zelf "^0.8.0"

babel-runtime@^6.20.0, babel-runtime@^6.22.0, babel-runtime@^6.23.0:
  version "6.23.0"
  resolved "https://registry.yarnpkg.com/babel-runtime/-/babel-runtime-6.23.0.tgz#0a9489f144de70efb3ce4300accdb329e2fc543b"
  dependencies:
    core-js "^2.4.0"
    regenerator-runtime "^0.10.0"

budge@^0.12.0:
  version "0.12.0"
  resolved "https://registry.yarnpkg.com/budge/-/budge-0.12.0.tgz#96bbd33bdf8c41cf8659c1c899ca9fd0f68d2898"
  dependencies:
    babel-runtime "^6.23.0"
    depher "^0.13.0"
    doubt "^0.16.0"
    raze "^0.18.0"

budge@^0.5.0:
  version "0.5.0"
  resolved "https://registry.yarnpkg.com/budge/-/budge-0.5.0.tgz#0e1d9105f1123444e9bf7994ccfd03ce9e231048"
  dependencies:
    babel-runtime "^6.20.0"
    depher "^0.5.0"
    doubt "^0.6.0"
    raze "^0.6.0"

budge@^0.6.0:
  version "0.6.0"
  resolved "https://registry.yarnpkg.com/budge/-/budge-0.6.0.tgz#1be03900d8b8386d44b950a91d8504182d4cf580"
  dependencies:
    babel-runtime "^6.22.0"
    depher "^0.8.0"
    doubt "^0.10.0"
    raze "^0.12.0"

camelcase@^1.0.2:
  version "1.2.1"
  resolved "https://registry.yarnpkg.com/camelcase/-/camelcase-1.2.1.tgz#9bb5304d2e0b56698b2c758b08a3eaa9daa58a39"

cemento@^0.11.0:
  version "0.11.0"
  resolved "https://registry.yarnpkg.com/cemento/-/cemento-0.11.0.tgz#b74a68611dde34724ecf57e3fd9e17f7603ed120"
  dependencies:
    babel-runtime "^6.23.0"
    harden "^0.16.0"

cemento@^0.5.0:
  version "0.5.0"
  resolved "https://registry.yarnpkg.com/cemento/-/cemento-0.5.0.tgz#20457d4c79a7768a2b4964d0e1527af4684e853e"
  dependencies:
    babel-runtime "^6.20.0"
    harden "^0.12.0"

cemento@^0.7.0:
  version "0.7.0"
  resolved "https://registry.yarnpkg.com/cemento/-/cemento-0.7.0.tgz#40ba7744dc1a85020f18e64270b2f2dcc0651e2e"
  dependencies:
    babel-runtime "^6.22.0"
    harden "^0.14.0"

cemento@^0.9.0:
  version "0.9.0"
  resolved "https://registry.yarnpkg.com/cemento/-/cemento-0.9.0.tgz#164740a6789d8a75f6c427153088cb8ed21a7622"
  dependencies:
    babel-runtime "^6.22.0"
    harden "^0.15.0"

center-align@^0.1.1:
  version "0.1.3"
  resolved "https://registry.yarnpkg.com/center-align/-/center-align-0.1.3.tgz#aa0d32629b6ee972200411cbd4461c907bc2b7ad"
  dependencies:
    align-text "^0.1.3"
    lazy-cache "^1.0.3"

circular-json@^0.3.1:
  version "0.3.1"
  resolved "https://registry.yarnpkg.com/circular-json/-/circular-json-0.3.1.tgz#be8b36aefccde8b3ca7aa2d6afc07a37242c0d2d"

clazof@^0.11.0:
  version "0.11.0"
  resolved "https://registry.yarnpkg.com/clazof/-/clazof-0.11.0.tgz#99254161531ef3b6e149160f05106dc65cf0f4d9"
  dependencies:
    babel-runtime "^6.23.0"
    falzy "^0.13.0"
    protype "^0.17.0"
    raze "^0.18.0"
    wauker "^0.0.0"

clazof@^0.4.0:
  version "0.4.0"
  resolved "https://registry.yarnpkg.com/clazof/-/clazof-0.4.0.tgz#d70192b2ce345f66cf4d1c6a145428cd1298fc9b"
  dependencies:
    babel-runtime "^6.22.0"
    budge "^0.5.0"
    een "^0.1.0"
    falzy "^0.7.0"
    protype "^0.8.0"

clazof@^0.5.0:
  version "0.5.0"
  resolved "https://registry.yarnpkg.com/clazof/-/clazof-0.5.0.tgz#2900819ae64f35a26e35d9c5f60848621e64c72e"
  dependencies:
    babel-runtime "^6.22.0"
    budge "^0.6.0"
    een "^0.3.0"
    falzy "^0.10.0"
    protype "^0.11.0"

cliui@^2.1.0:
  version "2.1.0"
  resolved "https://registry.yarnpkg.com/cliui/-/cliui-2.1.0.tgz#4b475760ff80264c762c3a1719032e91c7fea0d1"
  dependencies:
    center-align "^0.1.1"
    right-align "^0.1.1"
    wordwrap "0.0.2"

core-js@^2.4.0:
  version "2.4.1"
  resolved "https://registry.yarnpkg.com/core-js/-/core-js-2.4.1.tgz#4de911e667b0eae9124e34254b53aea6fc618d3e"

decamelize@^1.0.0:
  version "1.2.0"
  resolved "https://registry.yarnpkg.com/decamelize/-/decamelize-1.2.0.tgz#f6534d15148269b20352e7bee26f501f9a191290"

decrease@^0.11.0:
  version "0.11.0"
  resolved "https://registry.yarnpkg.com/decrease/-/decrease-0.11.0.tgz#947f308531eedac61243e70e6713030b2f676e86"
  dependencies:
    babel-runtime "^6.23.0"
    doubt "^0.16.0"
    harden "^0.16.0"
    protype "^0.17.0"
    raze "^0.18.0"
    truly "^0.13.0"

decrease@^0.8.0:
  version "0.8.0"
  resolved "https://registry.yarnpkg.com/decrease/-/decrease-0.8.0.tgz#8861c376361dc05620211ea4f0fe1a9ba193d3c0"
  dependencies:
    babel-runtime "^6.22.0"
    doubt "^0.10.0"
    harden "^0.14.0"
    protype "^0.11.0"
    raze "^0.12.0"
    truly "^0.9.0"

dephall@^0.11.0:
  version "0.11.0"
  resolved "https://registry.yarnpkg.com/dephall/-/dephall-0.11.0.tgz#24613341861c84a11c6750bd6e4987bb39632464"
  dependencies:
    arid "^0.14.0"
    babel-runtime "^6.23.0"
    doubt "^0.16.0"
    falze "^0.10.0"
    falzy "^0.13.0"
    harden "^0.16.0"
    pyck "^0.11.0"
    zelf "^0.8.0"

dephall@^0.12.0:
  version "0.12.0"
  resolved "https://registry.yarnpkg.com/dephall/-/dephall-0.12.0.tgz#ba8bde2292af40d35cdc0bdda31acf627c409fcb"
  dependencies:
    arid "^0.14.0"
    babel-runtime "^6.23.0"
    doubt "^0.17.0"
    falze "^0.10.0"
    falzy "^0.13.0"
    harden "^0.16.0"
    pyck "^0.13.0"
    zelf "^0.8.0"

dephall@^0.5.0:
  version "0.5.0"
  resolved "https://registry.yarnpkg.com/dephall/-/dephall-0.5.0.tgz#54895e41f7b98cbfcc41f42b42368b67e98376d0"
  dependencies:
    arid "^0.4.0"
    babel-runtime "^6.20.0"
    doubt "^0.6.0"
    falze "^0.3.0"
    falzy "^0.7.0"
    harden "^0.12.0"
    pyck "^0.5.0"
    zelf "^0.4.0"

dephall@^0.8.0:
  version "0.8.0"
  resolved "https://registry.yarnpkg.com/dephall/-/dephall-0.8.0.tgz#07483d2c04fa594528ce8f0de8344d6690738cfe"
  dependencies:
    arid "^0.7.0"
    babel-runtime "^6.22.0"
    doubt "^0.10.0"
    falze "^0.5.0"
    falzy "^0.10.0"
    harden "^0.14.0"
    pyck "^0.8.0"
    zelf "^0.6.0"

depher@^0.13.0:
  version "0.13.0"
  resolved "https://registry.yarnpkg.com/depher/-/depher-0.13.0.tgz#d4a94e3e7faaca0c718d2af24d7c7b7513192148"
  dependencies:
    babel-runtime "^6.23.0"
    dephall "^0.11.0"
    doubt "^0.16.0"
    falze "^0.10.0"
    falzy "^0.13.0"
    harden "^0.16.0"
    zelf "^0.8.0"

depher@^0.14.0:
  version "0.14.0"
  resolved "https://registry.yarnpkg.com/depher/-/depher-0.14.0.tgz#364c4c3eec6a5a9f134661552c9fadc3b11c7a14"
  dependencies:
    babel-runtime "^6.23.0"
    dephall "^0.12.0"
    doubt "^0.17.0"
    falze "^0.10.0"
    falzy "^0.13.0"
    harden "^0.16.0"
    zelf "^0.8.0"

depher@^0.5.0:
  version "0.5.0"
  resolved "https://registry.yarnpkg.com/depher/-/depher-0.5.0.tgz#4aaf9d8644060783b1aa5753fffda0d671e9cd4a"
  dependencies:
    babel-runtime "^6.20.0"
    dephall "^0.5.0"
    doubt "^0.6.0"
    falze "^0.3.0"
    falzy "^0.7.0"
    harden "^0.12.0"
    zelf "^0.4.0"

depher@^0.8.0:
  version "0.8.0"
  resolved "https://registry.yarnpkg.com/depher/-/depher-0.8.0.tgz#264040d527e55826b0317a6bd645ffa3e3422942"
  dependencies:
    babel-runtime "^6.22.0"
    dephall "^0.8.0"
    doubt "^0.10.0"
    falze "^0.5.0"
    falzy "^0.10.0"
    harden "^0.14.0"
    zelf "^0.6.0"

diatom@^0.11.0:
  version "0.11.0"
  resolved "https://registry.yarnpkg.com/diatom/-/diatom-0.11.0.tgz#1939809ca328f36d75134f23bde6ac52f4345347"
  dependencies:
    arid "^0.14.0"
    babel-runtime "^6.23.0"
    budge "^0.12.0"
    falzy "^0.13.0"
    komento "^0.13.0"
    llamalize "^0.8.0"
    protype "^0.17.0"

diatom@^0.7.0:
  version "0.7.0"
  resolved "https://registry.yarnpkg.com/diatom/-/diatom-0.7.0.tgz#68b6b679b6b5d84d8c8a36d72e34ef514d2e4a93"
  dependencies:
    arid "^0.7.0"
    babel-runtime "^6.22.0"
    budge "^0.6.0"
    falzy "^0.10.0"
    komento "^0.10.0"
    llamalize "^0.6.0"
    protype "^0.11.0"

disdo@^0.6.0:
  version "0.6.0"
  resolved "https://registry.yarnpkg.com/disdo/-/disdo-0.6.0.tgz#5b3a9dafcb4a522c8752b2c2edfdb1f61a63d283"
  dependencies:
    babel-runtime "^6.22.0"
    falzy "^0.10.0"
    protype "^0.11.0"

disdo@^0.8.0:
  version "0.8.0"
  resolved "https://registry.yarnpkg.com/disdo/-/disdo-0.8.0.tgz#3354ed67dfdbfd07a5f58aeb70f7d0cab63c0d18"
  dependencies:
    babel-runtime "^6.23.0"
    falzy "^0.13.0"
    protype "^0.17.0"

doubt@^0.10.0:
  version "0.10.0"
  resolved "https://registry.yarnpkg.com/doubt/-/doubt-0.10.0.tgz#1446216aeeb060040e2a934560157b0b228803f2"
  dependencies:
    babel-runtime "^6.22.0"
    cemento "^0.7.0"
    harden "^0.14.0"
    protype "^0.11.0"

doubt@^0.16.0:
  version "0.16.0"
  resolved "https://registry.yarnpkg.com/doubt/-/doubt-0.16.0.tgz#21b026f849ac6bb3b9d1738675a8dced4943a767"
  dependencies:
    babel-runtime "^6.23.0"
    cemento "^0.11.0"
    circular-json "^0.3.1"
    falzy "^0.13.0"
    harden "^0.16.0"
    kount "^0.9.0"
    protype "^0.17.0"

doubt@^0.17.0:
  version "0.17.0"
  resolved "https://registry.yarnpkg.com/doubt/-/doubt-0.17.0.tgz#9817bd2afa0b10f7d913ea562fbaffd4a0d7de75"
  dependencies:
    babel-runtime "^6.23.0"
    cemento "^0.11.0"
    circular-json "^0.3.1"
    falzy "^0.13.0"
    harden "^0.16.0"
    khount "^0.0.0"
    protype "^0.17.0"

doubt@^0.6.0:
  version "0.6.0"
  resolved "https://registry.yarnpkg.com/doubt/-/doubt-0.6.0.tgz#c5f15725443d00a8aa91694f9dce8d2021c9f0c1"
  dependencies:
    babel-runtime "^6.20.0"
    cemento "^0.5.0"
    harden "^0.12.0"
    protype "^0.7.0"

een@^0.1.0:
  version "0.1.0"
  resolved "https://registry.yarnpkg.com/een/-/een-0.1.0.tgz#aa8c0100c332efefb1d1ee70810f3f0d108c48fa"
  dependencies:
    babel-runtime "^6.20.0"
    doubt "^0.6.0"
    kein "^0.2.0"
    protype "^0.8.0"
    truly "^0.5.0"

een@^0.3.0:
  version "0.3.0"
  resolved "https://registry.yarnpkg.com/een/-/een-0.3.0.tgz#5351f052e39549f4d916cf35627cefc024e681fb"
  dependencies:
    babel-runtime "^6.22.0"
    doubt "^0.10.0"
    kein "^0.8.0"
    protype "^0.11.0"
    truly "^0.9.0"

een@^0.5.0:
  version "0.5.0"
  resolved "https://registry.yarnpkg.com/een/-/een-0.5.0.tgz#691883a985642098222e01c67430e8f7aca1f09b"
  dependencies:
    babel-runtime "^6.23.0"
    doubt "^0.16.0"
    kein "^0.10.0"
    protype "^0.17.0"
    truly "^0.13.0"

empt@^0.12.0:
  version "0.12.0"
  resolved "https://registry.yarnpkg.com/empt/-/empt-0.12.0.tgz#a1cfe34a8b47c6d1cb392e8adfcd25c96fc807ab"
  dependencies:
    babel-runtime "^6.23.0"
    doubt "^0.16.0"
    kount "^0.9.0"
    protype "^0.17.0"

empt@^0.3.0:
  version "0.3.0"
  resolved "https://registry.yarnpkg.com/empt/-/empt-0.3.0.tgz#a3b9f87488ffe0a4ef7b75a9bdd6818b958e9c94"
  dependencies:
    babel-runtime "^6.20.0"
    doubt "^0.6.0"
    kount "^0.4.0"
    protype "^0.7.0"

empt@^0.5.0:
  version "0.5.0"
  resolved "https://registry.yarnpkg.com/empt/-/empt-0.5.0.tgz#a2e743e20ef1d90948cf454f84a326d1aa49a5ab"
  dependencies:
    babel-runtime "^6.22.0"
    doubt "^0.10.0"
    kount "^0.6.0"
    protype "^0.11.0"

falze@^0.10.0:
  version "0.10.0"
  resolved "https://registry.yarnpkg.com/falze/-/falze-0.10.0.tgz#62825b522d8a6c27db39afe2b3c510fa4fc5bc91"
  dependencies:
    arid "^0.14.0"
    babel-runtime "^6.23.0"
    doubt "^0.16.0"
    empt "^0.12.0"
    falzy "^0.13.0"
    protype "^0.17.0"

falze@^0.3.0:
  version "0.3.0"
  resolved "https://registry.yarnpkg.com/falze/-/falze-0.3.0.tgz#6400d246b7e12838b7a8b57fe3313e5d4375fded"
  dependencies:
    arid "^0.4.0"
    babel-runtime "^6.20.0"
    doubt "^0.6.0"
    empt "^0.3.0"
    falzy "^0.7.0"
    protype "^0.7.0"

falze@^0.5.0:
  version "0.5.0"
  resolved "https://registry.yarnpkg.com/falze/-/falze-0.5.0.tgz#95720e4ada16c0923a88911cd4631e5d78d3432f"
  dependencies:
    arid "^0.7.0"
    babel-runtime "^6.22.0"
    doubt "^0.10.0"
    empt "^0.5.0"
    falzy "^0.10.0"
    protype "^0.11.0"

falzy@^0.10.0:
  version "0.10.0"
  resolved "https://registry.yarnpkg.com/falzy/-/falzy-0.10.0.tgz#d88d7abcda96680012b2e541cda38f7ba2fadfc6"
  dependencies:
    babel-runtime "^6.22.0"
    protype "^0.11.0"

falzy@^0.12.0:
  version "0.12.0"
  resolved "https://registry.yarnpkg.com/falzy/-/falzy-0.12.0.tgz#47f6e727469008522ae9d975e8cd9ff1f96e7ac8"
  dependencies:
    babel-runtime "^6.22.0"
    protype "^0.16.0"

falzy@^0.13.0:
  version "0.13.0"
  resolved "https://registry.yarnpkg.com/falzy/-/falzy-0.13.0.tgz#635912d0abbf444eb1140b66e7311fd3a72c0502"
  dependencies:
    babel-runtime "^6.23.0"
    protype "^0.17.0"

falzy@^0.7.0:
  version "0.7.0"
  resolved "https://registry.yarnpkg.com/falzy/-/falzy-0.7.0.tgz#ed5a866d8e91b0ae6b7a4a207e289bbfe42af77f"
  dependencies:
    babel-runtime "^6.20.0"
    protype "^0.7.0"

filled@^0.10.0:
  version "0.10.0"
  resolved "https://registry.yarnpkg.com/filled/-/filled-0.10.0.tgz#3aa172a8764675ee5124e217a66217a21f113bd3"
  dependencies:
    babel-runtime "^6.23.0"
    doubt "^0.16.0"
    raze "^0.18.0"
    truly "^0.13.0"

filled@^0.11.0:
  version "0.11.0"
  resolved "https://registry.yarnpkg.com/filled/-/filled-0.11.0.tgz#ed44f17c2b1aebd8e3c837b4120ca2e668fa1b79"
  dependencies:
    babel-runtime "^6.23.0"
    doubt "^0.17.0"
    raze "^0.19.0"
    truly "^0.13.0"

filled@^0.3.0:
  version "0.3.0"
  resolved "https://registry.yarnpkg.com/filled/-/filled-0.3.0.tgz#f1ff8d3ad9024073c9977f146f9cee2e8e100de3"
  dependencies:
    babel-runtime "^6.20.0"
    doubt "^0.6.0"
    raze "^0.6.0"
    truly "^0.5.0"

filled@^0.6.0:
  version "0.6.0"
  resolved "https://registry.yarnpkg.com/filled/-/filled-0.6.0.tgz#ff45868b171359a0cc16233294914cb9cc041fce"
  dependencies:
    babel-runtime "^6.22.0"
    doubt "^0.10.0"
    raze "^0.12.0"
    truly "^0.9.0"

fluctuate@^0.2.0:
  version "0.2.0"
  resolved "https://registry.yarnpkg.com/fluctuate/-/fluctuate-0.2.0.tgz#0c52b174eb2e166193cbc11d190aec771b587a46"
  dependencies:
    babel-runtime "^6.23.0"
    falzy "^0.12.0"
    kount "^0.8.0"
    numric "^0.7.0"
    protype "^0.16.0"
    truly "^0.12.0"
    u200b "^0.10.0"

handlebars@^4.0.6:
  version "4.0.6"
  resolved "https://registry.yarnpkg.com/handlebars/-/handlebars-4.0.6.tgz#2ce4484850537f9c97a8026d5399b935c4ed4ed7"
  dependencies:
    async "^1.4.0"
    optimist "^0.6.1"
    source-map "^0.4.4"
  optionalDependencies:
    uglify-js "^2.6"

harden@^0.12.0:
  version "0.12.0"
  resolved "https://registry.yarnpkg.com/harden/-/harden-0.12.0.tgz#b480d26d2d366a8d329cef724fb898fcbf195228"
  dependencies:
    babel-runtime "^6.20.0"

harden@^0.14.0:
  version "0.14.0"
  resolved "https://registry.yarnpkg.com/harden/-/harden-0.14.0.tgz#bd9b003c413a80523f60fc0becd2b6e4bd0e3b96"
  dependencies:
    babel-runtime "^6.22.0"

harden@^0.15.0:
  version "0.15.0"
  resolved "https://registry.yarnpkg.com/harden/-/harden-0.15.0.tgz#4e587e30e88f73d5a48730ade90fe1e92f00879f"
  dependencies:
    babel-runtime "^6.22.0"

harden@^0.16.0:
  version "0.16.0"
  resolved "https://registry.yarnpkg.com/harden/-/harden-0.16.0.tgz#5c0a7ec0b35baf4425c79d8c8a8cbdef443a6b57"
  dependencies:
    babel-runtime "^6.23.0"

is-buffer@^1.0.2:
  version "1.1.4"
  resolved "https://registry.yarnpkg.com/is-buffer/-/is-buffer-1.1.4.tgz#cfc86ccd5dc5a52fa80489111c6920c457e2d98b"

kein@^0.10.0:
  version "0.10.0"
  resolved "https://registry.yarnpkg.com/kein/-/kein-0.10.0.tgz#2326b3930e67b864230f61e04bd8fec0f5f2a09d"
  dependencies:
    babel-runtime "^6.23.0"
    falzy "^0.13.0"
    protype "^0.17.0"

kein@^0.2.0:
  version "0.2.0"
  resolved "https://registry.yarnpkg.com/kein/-/kein-0.2.0.tgz#642a7f5ca4a1095e94d942fb1eee5455bfc9052b"
  dependencies:
    babel-runtime "^6.20.0"
    falzy "^0.7.0"
    protype "^0.8.0"

kein@^0.8.0:
  version "0.8.0"
  resolved "https://registry.yarnpkg.com/kein/-/kein-0.8.0.tgz#03034ffe2a8a9f6a38f225d25e809b5b5ab3fa7b"
  dependencies:
    babel-runtime "^6.22.0"
    falzy "^0.10.0"
    protype "^0.11.0"

khount@^0.0.0:
  version "0.0.0"
  resolved "https://registry.yarnpkg.com/khount/-/khount-0.0.0.tgz#7c7f369ae5d0ef5499dca14eeb168bb4b4b29e6d"
  dependencies:
    babel-runtime "^6.23.0"

kind-of@^3.0.2:
  version "3.1.0"
  resolved "https://registry.yarnpkg.com/kind-of/-/kind-of-3.1.0.tgz#475d698a5e49ff5e53d14e3e732429dc8bf4cf47"
  dependencies:
    is-buffer "^1.0.2"

komento@^0.10.0:
  version "0.10.0"
  resolved "https://registry.yarnpkg.com/komento/-/komento-0.10.0.tgz#3dce18f1cd347ff96a22203ea7cf90f4b1f279af"
  dependencies:
    babel-runtime "^6.22.0"
    handlebars "^4.0.6"
    harden "^0.14.0"
    protype "^0.11.0"
    realign "^0.4.0"
    stuffed "^0.4.0"
    truly "^0.9.0"

komento@^0.13.0:
  version "0.13.0"
  resolved "https://registry.yarnpkg.com/komento/-/komento-0.13.0.tgz#915d6b668ed103f1975b7bb7b1e1e5e72727d979"
  dependencies:
    babel-runtime "^6.23.0"
    handlebars "^4.0.6"
    harden "^0.16.0"
    protype "^0.17.0"
    realign "^0.7.0"
    stuffed "^0.11.0"
    truly "^0.13.0"

kount@^0.4.0:
  version "0.4.0"
  resolved "https://registry.yarnpkg.com/kount/-/kount-0.4.0.tgz#573b5a6de7bbe0c3723b25fcca36084c2f9751de"
  dependencies:
    babel-runtime "^6.20.0"

kount@^0.6.0:
  version "0.6.0"
  resolved "https://registry.yarnpkg.com/kount/-/kount-0.6.0.tgz#5fe085c573adf8983ccc236a61ab1791f21c0579"
  dependencies:
    babel-runtime "^6.22.0"

kount@^0.8.0:
  version "0.8.0"
  resolved "https://registry.yarnpkg.com/kount/-/kount-0.8.0.tgz#6219fb09a716468498dc749e50c22a080226b9f1"
  dependencies:
    babel-runtime "^6.22.0"

kount@^0.9.0:
  version "0.9.0"
  resolved "https://registry.yarnpkg.com/kount/-/kount-0.9.0.tgz#6315a7f63387485c9c2fabcafdb7a32ba7d78e4e"
  dependencies:
    babel-runtime "^6.23.0"

lazy-cache@^1.0.3:
  version "1.0.4"
  resolved "https://registry.yarnpkg.com/lazy-cache/-/lazy-cache-1.0.4.tgz#a1d78fc3a50474cb80845d3b3b6e1da49a446e8e"

llamalize@^0.6.0:
  version "0.6.0"
  resolved "https://registry.yarnpkg.com/llamalize/-/llamalize-0.6.0.tgz#e25b4da0bfeb193e3b00dcbb52804426b012f149"
  dependencies:
    babel-runtime "^6.22.0"
    falzy "^0.10.0"
    harden "^0.14.0"
    protype "^0.11.0"
    titlelize "^0.7.0"

llamalize@^0.8.0:
  version "0.8.0"
  resolved "https://registry.yarnpkg.com/llamalize/-/llamalize-0.8.0.tgz#c00561083b8ffc8475cfc5a6972aba67bcbd40c2"
  dependencies:
    babel-runtime "^6.23.0"
    falzy "^0.13.0"
    harden "^0.16.0"
    protype "^0.17.0"
    titlelize "^0.9.0"

longest@^1.0.1:
  version "1.0.1"
  resolved "https://registry.yarnpkg.com/longest/-/longest-1.0.1.tgz#30a0b2da38f73770e8294a0d22e6625ed77d0097"

loosen@^0.6.0:
  version "0.6.0"
  resolved "https://registry.yarnpkg.com/loosen/-/loosen-0.6.0.tgz#cc302dc7f77eb42daa4a1c5637235c13b575a353"
  dependencies:
    babel-runtime "^6.23.0"
    budge "^0.12.0"
    depher "^0.14.0"
    doubt "^0.17.0"
    harden "^0.16.0"
    kein "^0.10.0"
    plough "^0.13.0"
    protype "^0.17.0"
    truly "^0.13.0"
    u200b "^0.12.0"

minimist@~0.0.1:
  version "0.0.10"
  resolved "https://registry.yarnpkg.com/minimist/-/minimist-0.0.10.tgz#de3f98543dbf96082be48ad1a0c7cda836301dcf"

numric@^0.7.0:
  version "0.7.0"
  resolved "https://registry.yarnpkg.com/numric/-/numric-0.7.0.tgz#aaca750b7ec2f6a744601d971d072e5b3c0ab8a7"
  dependencies:
    babel-runtime "^6.22.0"
    protype "^0.14.0"
    truly "^0.9.0"

optall@^0.6.0:
  version "0.6.0"
  resolved "https://registry.yarnpkg.com/optall/-/optall-0.6.0.tgz#db28389e3c14ae9810b0dad781deedcf9a3ba3e4"
  dependencies:
    babel-runtime "^6.22.0"
    doubt "^0.10.0"
    falze "^0.5.0"
    harden "^0.14.0"
    protype "^0.11.0"
    pyck "^0.8.0"
    zelf "^0.6.0"

optall@^0.9.0:
  version "0.9.0"
  resolved "https://registry.yarnpkg.com/optall/-/optall-0.9.0.tgz#a1c64719b1b167b47d2f3b6a952aebb601e98cfc"
  dependencies:
    babel-runtime "^6.23.0"
    doubt "^0.17.0"
    falze "^0.10.0"
    harden "^0.16.0"
    protype "^0.17.0"
    pyck "^0.12.0"
    zelf "^0.8.0"

optfor@^0.10.0:
  version "0.10.0"
  resolved "https://registry.yarnpkg.com/optfor/-/optfor-0.10.0.tgz#b5bd5e53e36a986d7d4238160cadbcd7c73e321f"
  dependencies:
    babel-runtime "^6.22.0"
    doubt "^0.10.0"
    falze "^0.5.0"
    harden "^0.14.0"
    optall "^0.6.0"
    protype "^0.11.0"
    zelf "^0.6.0"

optfor@^0.14.0:
  version "0.14.0"
  resolved "https://registry.yarnpkg.com/optfor/-/optfor-0.14.0.tgz#2780bde3ef4687b09170eb60d2c27dd8160400d2"
  dependencies:
    babel-runtime "^6.23.0"
    doubt "^0.17.0"
    falze "^0.10.0"
    harden "^0.16.0"
    optall "^0.9.0"
    protype "^0.17.0"
    zelf "^0.8.0"

optimist@^0.6.1:
  version "0.6.1"
  resolved "https://registry.yarnpkg.com/optimist/-/optimist-0.6.1.tgz#da3ea74686fa21a19a111c326e90eb15a0196686"
  dependencies:
    minimist "~0.0.1"
    wordwrap "~0.0.2"

plough@^0.13.0:
  version "0.13.0"
  resolved "https://registry.yarnpkg.com/plough/-/plough-0.13.0.tgz#9233f86a9d82d512ab4e5f31accc291b42aa535c"
  dependencies:
    arid "^0.14.0"
    babel-runtime "^6.23.0"
    decrease "^0.11.0"
    doubt "^0.17.0"
    harden "^0.16.0"
    raze "^0.19.0"

plough@^0.9.0:
  version "0.9.0"
  resolved "https://registry.yarnpkg.com/plough/-/plough-0.9.0.tgz#9d0632363cc77941744c9b3a75a3c5a11c99e8b2"
  dependencies:
    arid "^0.7.0"
    babel-runtime "^6.22.0"
    decrease "^0.8.0"
    doubt "^0.10.0"
    harden "^0.14.0"
    raze "^0.12.0"

protease@^0.9.0:
  version "0.9.0"
  resolved "https://registry.yarnpkg.com/protease/-/protease-0.9.0.tgz#b52bd7b0d22b62407e0d4fdecf63d7e3c3c3aea2"
  dependencies:
    babel-runtime "^6.23.0"
    falzy "^0.13.0"
    harden "^0.16.0"
    kein "^0.10.0"
    protype "^0.17.0"

protype@^0.11.0:
  version "0.11.0"
  resolved "https://registry.yarnpkg.com/protype/-/protype-0.11.0.tgz#52b1a68d774d83bc4a9c0671d5e392b246fb4a3d"
  dependencies:
    babel-runtime "^6.22.0"
    cemento "^0.7.0"
    harden "^0.14.0"

protype@^0.14.0:
  version "0.14.0"
  resolved "https://registry.yarnpkg.com/protype/-/protype-0.14.0.tgz#fc572851c7b5096942ce9b1fdad18d5a72e520b5"
  dependencies:
    babel-runtime "^6.22.0"
    cemento "^0.7.0"
    harden "^0.14.0"

protype@^0.16.0:
  version "0.16.0"
  resolved "https://registry.yarnpkg.com/protype/-/protype-0.16.0.tgz#425b6a5cbd23bcc8ceda10ee91af0fccb9069fa9"
  dependencies:
    babel-runtime "^6.22.0"
    cemento "^0.9.0"
    harden "^0.15.0"

protype@^0.17.0:
  version "0.17.0"
  resolved "https://registry.yarnpkg.com/protype/-/protype-0.17.0.tgz#40589ea6e1a20d9b537fa0d9f035ad40c4e5b91d"
  dependencies:
    babel-runtime "^6.23.0"
    cemento "^0.11.0"
    harden "^0.16.0"

protype@^0.7.0:
  version "0.7.0"
  resolved "https://registry.yarnpkg.com/protype/-/protype-0.7.0.tgz#72d31005cb8d6abf2a6735049811d64770c3ede3"
  dependencies:
    babel-runtime "^6.20.0"
    cemento "^0.5.0"
    harden "^0.12.0"

protype@^0.8.0:
  version "0.8.0"
  resolved "https://registry.yarnpkg.com/protype/-/protype-0.8.0.tgz#e22dec18bf4a9ba18ab57567704846bb85f7c7ca"
  dependencies:
    babel-runtime "^6.20.0"
    cemento "^0.5.0"
    harden "^0.12.0"

pyck@^0.11.0:
  version "0.11.0"
  resolved "https://registry.yarnpkg.com/pyck/-/pyck-0.11.0.tgz#22bdc5c66418f9f31f063ac0629005d589e3a8e7"
  dependencies:
    babel-runtime "^6.23.0"
    clazof "^0.11.0"
    doubt "^0.16.0"
    falze "^0.10.0"
    falzy "^0.13.0"
    harden "^0.16.0"
    protype "^0.17.0"
    raze "^0.18.0"
    truu "^0.11.0"
    zelf "^0.8.0"

pyck@^0.12.0:
  version "0.12.0"
  resolved "https://registry.yarnpkg.com/pyck/-/pyck-0.12.0.tgz#6828211a93917f1f5d7ba8772ab3227d20b805e8"
  dependencies:
    babel-runtime "^6.23.0"
    clazof "^0.11.0"
    doubt "^0.17.0"
    falze "^0.10.0"
    falzy "^0.13.0"
    harden "^0.16.0"
    protype "^0.17.0"
    raze "^0.19.0"
    truu "^0.11.0"
    zelf "^0.8.0"

pyck@^0.13.0:
  version "0.13.0"
  resolved "https://registry.yarnpkg.com/pyck/-/pyck-0.13.0.tgz#e0f95eb496c4174e93c5e54fd3bbce55f4451e2a"
  dependencies:
    babel-runtime "^6.23.0"
    clazof "^0.11.0"
    doubt "^0.17.0"
    falzy "^0.13.0"
    harden "^0.16.0"
    protype "^0.17.0"
    raze "^0.19.0"
    truly "^0.13.0"
    zelf "^0.8.0"

pyck@^0.5.0:
  version "0.5.0"
  resolved "https://registry.yarnpkg.com/pyck/-/pyck-0.5.0.tgz#cf379858a3756179d479cd3dade7096b856c906f"
  dependencies:
    babel-runtime "^6.20.0"
    doubt "^0.6.0"
    falze "^0.3.0"
    falzy "^0.7.0"
    harden "^0.12.0"
    protype "^0.7.0"
    raze "^0.6.0"
    truu "^0.4.0"
    zelf "^0.4.0"

pyck@^0.8.0:
  version "0.8.0"
  resolved "https://registry.yarnpkg.com/pyck/-/pyck-0.8.0.tgz#1b71813505f1acf39a2d3e14ee2d12ce77813d9e"
  dependencies:
    babel-runtime "^6.22.0"
    clazof "^0.4.0"
    doubt "^0.10.0"
    falze "^0.5.0"
    falzy "^0.10.0"
    harden "^0.14.0"
    protype "^0.11.0"
    raze "^0.12.0"
    truu "^0.7.0"
    zelf "^0.6.0"

raze@^0.12.0:
  version "0.12.0"
  resolved "https://registry.yarnpkg.com/raze/-/raze-0.12.0.tgz#ea6e7a2d5d273f8d98e4726b82fa78e5ca67cce4"
  dependencies:
    babel-runtime "^6.22.0"
    doubt "^0.10.0"
    harden "^0.14.0"

raze@^0.18.0:
  version "0.18.0"
  resolved "https://registry.yarnpkg.com/raze/-/raze-0.18.0.tgz#2f3fbc026968277daccf92149105d2927bc95626"
  dependencies:
    babel-runtime "^6.23.0"
    doubt "^0.16.0"
    harden "^0.16.0"

raze@^0.19.0:
  version "0.19.0"
  resolved "https://registry.yarnpkg.com/raze/-/raze-0.19.0.tgz#9656446f96cc8c7935e414c9b883aca398f23294"
  dependencies:
    babel-runtime "^6.23.0"
    doubt "^0.17.0"
    harden "^0.16.0"

raze@^0.6.0:
  version "0.6.0"
  resolved "https://registry.yarnpkg.com/raze/-/raze-0.6.0.tgz#041fb442003078120a603cf1a9ea9c06b90827ea"
  dependencies:
    babel-runtime "^6.20.0"
    doubt "^0.6.0"
    harden "^0.12.0"

realign@^0.4.0:
  version "0.4.0"
  resolved "https://registry.yarnpkg.com/realign/-/realign-0.4.0.tgz#492be0c3b648216cc8d75f59d2ae59bb4e408af8"
  dependencies:
    babel-runtime "^6.22.0"
    falzy "^0.10.0"
    harden "^0.14.0"
    protype "^0.11.0"
    truly "^0.9.0"

realign@^0.7.0:
  version "0.7.0"
  resolved "https://registry.yarnpkg.com/realign/-/realign-0.7.0.tgz#7b0c7005f8ae705f84ef971395863f7d6f1c1050"
  dependencies:
    babel-runtime "^6.23.0"
    falzy "^0.13.0"
    harden "^0.16.0"
    protype "^0.17.0"
    truly "^0.13.0"

redupe@^0.1.0:
  version "0.1.0"
  resolved "https://registry.yarnpkg.com/redupe/-/redupe-0.1.0.tgz#35cfbfd0fde1e445ccba56aacbc8d058db429d4e"
  dependencies:
    babel-runtime "^6.23.0"
    budge "^0.12.0"
    depher "^0.14.0"
    falzy "^0.13.0"
    filled "^0.10.0"
    fluctuate "^0.2.0"
    loosen "^0.6.0"
    protype "^0.17.0"
    pyck "^0.13.0"
    transpher "^0.8.0"
    truu "^0.11.0"

regenerator-runtime@^0.10.0:
  version "0.10.3"
  resolved "https://registry.yarnpkg.com/regenerator-runtime/-/regenerator-runtime-0.10.3.tgz#8c4367a904b51ea62a908ac310bf99ff90a82a3e"

repeat-string@^1.5.2:
  version "1.6.1"
  resolved "https://registry.yarnpkg.com/repeat-string/-/repeat-string-1.6.1.tgz#8dcae470e1c88abc2d600fff4a776286da75e637"

right-align@^0.1.1:
  version "0.1.3"
  resolved "https://registry.yarnpkg.com/right-align/-/right-align-0.1.3.tgz#61339b722fe6a3515689210d24e14c96148613ef"
  dependencies:
    align-text "^0.1.1"

source-map@^0.4.4:
  version "0.4.4"
  resolved "https://registry.yarnpkg.com/source-map/-/source-map-0.4.4.tgz#eba4f5da9c0dc999de68032d8b4f76173652036b"
  dependencies:
    amdefine ">=0.0.4"

source-map@~0.5.1:
  version "0.5.6"
  resolved "https://registry.yarnpkg.com/source-map/-/source-map-0.5.6.tgz#75ce38f52bf0733c5a7f0c118d81334a2bb5f412"

stuffed@^0.11.0:
  version "0.11.0"
  resolved "https://registry.yarnpkg.com/stuffed/-/stuffed-0.11.0.tgz#f7189a578ee72c9127a1084a5bf1cb1626c46347"
  dependencies:
    babel-runtime "^6.23.0"
    doubt "^0.16.0"
    kount "^0.9.0"
    protype "^0.17.0"
    truly "^0.13.0"

stuffed@^0.12.0:
  version "0.12.0"
  resolved "https://registry.yarnpkg.com/stuffed/-/stuffed-0.12.0.tgz#b56fce554265f23c273db95d242b87b1424cf03c"
  dependencies:
    babel-runtime "^6.23.0"
    doubt "^0.17.0"
    kount "^0.9.0"
    protype "^0.17.0"
    truly "^0.13.0"

stuffed@^0.2.0:
  version "0.2.0"
  resolved "https://registry.yarnpkg.com/stuffed/-/stuffed-0.2.0.tgz#dd163ca94d4c6bd99723e4957555072dff803da5"
  dependencies:
    babel-runtime "^6.20.0"
    doubt "^0.6.0"
    kount "^0.4.0"
    protype "^0.7.0"
    truly "^0.5.0"

stuffed@^0.4.0:
  version "0.4.0"
  resolved "https://registry.yarnpkg.com/stuffed/-/stuffed-0.4.0.tgz#016d8add13f3b9acfe0047912101fd9c23c2c6d2"
  dependencies:
    babel-runtime "^6.22.0"
    doubt "^0.10.0"
    kount "^0.6.0"
    protype "^0.11.0"
    truly "^0.9.0"

titlelize@^0.7.0:
  version "0.7.0"
  resolved "https://registry.yarnpkg.com/titlelize/-/titlelize-0.7.0.tgz#30e17fdd2414a99e07516f21d902a4951b06235d"
  dependencies:
    babel-runtime "^6.22.0"
    disdo "^0.6.0"
    falzy "^0.10.0"
    harden "^0.14.0"
    protype "^0.11.0"

titlelize@^0.9.0:
  version "0.9.0"
  resolved "https://registry.yarnpkg.com/titlelize/-/titlelize-0.9.0.tgz#5ed02e7119e4a49886eb6e49e2d2ba08b51cf082"
  dependencies:
    babel-runtime "^6.23.0"
    disdo "^0.8.0"
    falzy "^0.13.0"
    harden "^0.16.0"
    protype "^0.17.0"

transpher@^0.8.0:
  version "0.8.0"
  resolved "https://registry.yarnpkg.com/transpher/-/transpher-0.8.0.tgz#e19eb39a70c57112e3d68c6161e5a1dee610b08f"
  dependencies:
    ate "^0.10.0"
    babel-runtime "^6.23.0"
    depher "^0.14.0"
    falzy "^0.13.0"
    kein "^0.10.0"

truly@^0.12.0:
  version "0.12.0"
  resolved "https://registry.yarnpkg.com/truly/-/truly-0.12.0.tgz#dfdcc7107a61be1be8a526f7f2c9f8c8ec4ee18d"
  dependencies:
    babel-runtime "^6.22.0"
    protype "^0.16.0"

truly@^0.13.0:
  version "0.13.0"
  resolved "https://registry.yarnpkg.com/truly/-/truly-0.13.0.tgz#9c783a4b3db712cb2d18a89bd86bc8e50a7f08f6"
  dependencies:
    babel-runtime "^6.23.0"
    protype "^0.17.0"

truly@^0.5.0:
  version "0.5.0"
  resolved "https://registry.yarnpkg.com/truly/-/truly-0.5.0.tgz#632cc4d1f55b857637e9a6729e573f503fb2a232"
  dependencies:
    babel-runtime "^6.20.0"
    protype "^0.7.0"

truly@^0.9.0:
  version "0.9.0"
  resolved "https://registry.yarnpkg.com/truly/-/truly-0.9.0.tgz#eae83a7238588d0b9eb6398df107b5da3f86ae23"
  dependencies:
    babel-runtime "^6.22.0"
    protype "^0.11.0"

truu@^0.11.0:
  version "0.11.0"
  resolved "https://registry.yarnpkg.com/truu/-/truu-0.11.0.tgz#4427102979ac0bd7ed2635f8df68a7d67eff31fe"
  dependencies:
    babel-runtime "^6.23.0"
    doubt "^0.16.0"
    filled "^0.10.0"
    protype "^0.17.0"
    stuffed "^0.11.0"
    truly "^0.13.0"

truu@^0.12.0:
  version "0.12.0"
  resolved "https://registry.yarnpkg.com/truu/-/truu-0.12.0.tgz#fcaf17f9c58fc319190b5024d4d892b49f7c3a18"
  dependencies:
    babel-runtime "^6.23.0"
    doubt "^0.17.0"
    filled "^0.11.0"
    protype "^0.17.0"
    stuffed "^0.12.0"
    truly "^0.13.0"

truu@^0.4.0:
  version "0.4.0"
  resolved "https://registry.yarnpkg.com/truu/-/truu-0.4.0.tgz#b1858525d176ddf9fa43f5a2d8435dc67b5ab128"
  dependencies:
    babel-runtime "^6.20.0"
    doubt "^0.6.0"
    filled "^0.3.0"
    protype "^0.7.0"
    stuffed "^0.2.0"
    truly "^0.5.0"

truu@^0.7.0:
  version "0.7.0"
  resolved "https://registry.yarnpkg.com/truu/-/truu-0.7.0.tgz#c0b580fea3bb9f8883a6bd2a0101bd7eb074a969"
  dependencies:
    babel-runtime "^6.22.0"
    doubt "^0.10.0"
    filled "^0.6.0"
    protype "^0.11.0"
    stuffed "^0.4.0"
    truly "^0.9.0"

u200b@^0.10.0:
  version "0.10.0"
  resolved "https://registry.yarnpkg.com/u200b/-/u200b-0.10.0.tgz#ddfe8a1e8b83eed1c89c3edde3eb058e1e35bf0d"
  dependencies:
    arid "^0.7.0"
    babel-runtime "^6.22.0"
    clazof "^0.5.0"
    diatom "^0.7.0"
    harden "^0.14.0"
    optfor "^0.10.0"
    plough "^0.9.0"
    protype "^0.14.0"
    truly "^0.9.0"

u200b@^0.12.0:
  version "0.12.0"
  resolved "https://registry.yarnpkg.com/u200b/-/u200b-0.12.0.tgz#ad52c684cef4cd7df4d6bc4bf603279593a16ea3"
  dependencies:
    arid "^0.14.0"
    babel-runtime "^6.23.0"
    clazof "^0.11.0"
    diatom "^0.11.0"
    harden "^0.16.0"
    optfor "^0.14.0"
    plough "^0.13.0"
    protype "^0.17.0"
    truly "^0.13.0"

uglify-js@^2.6:
  version "2.7.5"
  resolved "https://registry.yarnpkg.com/uglify-js/-/uglify-js-2.7.5.tgz#4612c0c7baaee2ba7c487de4904ae122079f2ca8"
  dependencies:
    async "~0.2.6"
    source-map "~0.5.1"
    uglify-to-browserify "~1.0.0"
    yargs "~3.10.0"

uglify-to-browserify@~1.0.0:
  version "1.0.2"
  resolved "https://registry.yarnpkg.com/uglify-to-browserify/-/uglify-to-browserify-1.0.2.tgz#6e0924d6bda6b5afe349e39a6d632850a0f882b7"

wauker@^0.0.0:
  version "0.0.0"
  resolved "https://registry.yarnpkg.com/wauker/-/wauker-0.0.0.tgz#4d2f992ff6dcd14b03fd9112ce75d20452a0b091"
  dependencies:
    babel-runtime "^6.23.0"
    een "^0.5.0"
    falzy "^0.13.0"
    protease "^0.9.0"
    protype "^0.17.0"

window-size@0.1.0:
  version "0.1.0"
  resolved "https://registry.yarnpkg.com/window-size/-/window-size-0.1.0.tgz#5438cd2ea93b202efa3a19fe8887aee7c94f9c9d"

wordwrap@0.0.2:
  version "0.0.2"
  resolved "https://registry.yarnpkg.com/wordwrap/-/wordwrap-0.0.2.tgz#b79669bb42ecb409f83d583cad52ca17eaa1643f"

wordwrap@~0.0.2:
  version "0.0.3"
  resolved "https://registry.yarnpkg.com/wordwrap/-/wordwrap-0.0.3.tgz#a3d5da6cd5c0bc0008d37234bbaf1bed63059107"

yargs@~3.10.0:
  version "3.10.0"
  resolved "https://registry.yarnpkg.com/yargs/-/yargs-3.10.0.tgz#f7ee7bd857dd7c1d2d38c0e74efbd681d1431fd1"
  dependencies:
    camelcase "^1.0.2"
    cliui "^2.1.0"
    decamelize "^1.0.0"
    window-size "0.1.0"

zelf@^0.4.0:
  version "0.4.0"
  resolved "https://registry.yarnpkg.com/zelf/-/zelf-0.4.0.tgz#d1d043930451ff260b06641f5606960910e70950"
  dependencies:
    asea "^0.6.0"
    babel-runtime "^6.20.0"

zelf@^0.6.0:
  version "0.6.0"
  resolved "https://registry.yarnpkg.com/zelf/-/zelf-0.6.0.tgz#aa4c09680bd9e3148f53ceb5395608b1c0176412"
  dependencies:
    asea "^0.8.0"
    babel-runtime "^6.22.0"

zelf@^0.8.0:
  version "0.8.0"
  resolved "https://registry.yarnpkg.com/zelf/-/zelf-0.8.0.tgz#0b024f4ba39ae41912b76e1ce175327e9383e39c"
  dependencies:
    asea "^0.10.0"
    babel-runtime "^6.23.0"
